Microsoft Visual Studio Solution File, Format Version 11.00
# Visual Studio 2008

Project("{1C26246E-BFDD-D08E-E8AE-D5E333256F8F}") = "Mini Game", "Assembly-CSharp.csproj", "{B33F5E48-11B4-2A5E-5DED-B6F620D2D303}"
EndProject
Project("{1C26246E-BFDD-D08E-E8AE-D5E333256F8F}") = "Mini Game", "Assembly-CSharp-Editor.csproj", "{26D5BF70-ECCC-17C0-FA15-A76F334F86DE}"
EndProject
Global
	GlobalSection(SolutionConfigurationPlatforms) = preSolution
		Debug|Any CPU = Debug|Any CPU
		Release|Any CPU = Release|Any CPU
	EndGlobalSection
	GlobalSection(ProjectConfigurationPlatforms) = postSolution
		{B33F5E48-11B4-2A5E-5DED-B6F620D2D303}.Debug|Any CPU.ActiveCfg = Debug|Any CPU
		{B33F5E48-11B4-2A5E-5DED-B6F620D2D303}.Debug|Any CPU.Build.0 = Debug|Any CPU
		{B33F5E48-11B4-2A5E-5DED-B6F620D2D303}.Release|Any CPU.ActiveCfg = Release|Any CPU
		{B33F5E48-11B4-2A5E-5DED-B6F620D2D303}.Release|Any CPU.Build.0 = Release|Any CPU
		{26D5BF70-ECCC-17C0-FA15-A76F334F86DE}.Debug|Any CPU.ActiveCfg = Debug|Any CPU
		{26D5BF70-ECCC-17C0-FA15-A76F334F86DE}.Debug|Any CPU.Build.0 = Debug|Any CPU
		{26D5BF70-ECCC-17C0-FA15-A76F334F86DE}.Release|Any CPU.ActiveCfg = Release|Any CPU
		{26D5BF70-ECCC-17C0-FA15-A76F334F86DE}.Release|Any CPU.Build.0 = Release|Any CPU
	EndGlobalSection
	GlobalSection(SolutionProperties) = preSolution
		HideSolutionNode = FALSE
	EndGlobalSection
	GlobalSection(MonoDevelopProperties) = preSolution
		StartupItem = Assembly-CSharp.csproj
	EndGlobalSection
EndGlobal
